
Microsoft Visual Studio Solution File, Format Version 12.00
# Visual Studio Version 16
VisualStudioVersion = 16.0.30804.86
MinimumVisualStudioVersion = 10.0.40219.1
Project("{FAE04EC0-301F-11D3-BF4B-00C04F79EFBC}") = "CosWindows", "CosWindows\CosWindows.csproj", "{A0F853E2-DBE3-42C4-A386-CA1230826102}"
EndProject
Global
	GlobalSection(SolutionConfigurationPlatforms) = preSolution
		Debug|Any CPU = Debug|Any CPU
		Release|Any CPU = Release|Any CPU
	EndGlobalSection
	GlobalSection(ProjectConfigurationPlatforms) = postSolution
		{A0F853E2-DBE3-42C4-A386-CA1230826102}.Debug|Any CPU.ActiveCfg = Debug|Any CPU
		{A0F853E2-DBE3-42C4-A386-CA1230826102}.Debug|Any CPU.Build.0 = Debug|Any CPU
		{A0F853E2-DBE3-42C4-A386-CA1230826102}.Release|Any CPU.ActiveCfg = Release|Any CPU
		{A0F853E2-DBE3-42C4-A386-CA1230826102}.Release|Any CPU.Build.0 = Release|Any CPU
	EndGlobalSection
	GlobalSection(SolutionProperties) = preSolution
		HideSolutionNode = FALSE
	EndGlobalSection
	GlobalSection(ExtensibilityGlobals) = postSolution
		SolutionGuid = {BCEE691A-F0C0-4D8F-A4D0-872CDC7B92F6}
	EndGlobalSection
EndGlobal
